{
  "status": "draft",
  "frozen_at_utc": "2026-10-01T04:14:54+00:00",
  "git_commit": null,
  "digest": "5c27a48f5a218906ec6e76a67611ba6b5319c6dce47acf2c32a81e8672ce1cad",
  "unset": [
    "configs/prereg.json:p8_equivalence_margin_turns",
    "configs/prereg.json:p6_l1_privacy",
    "configs/judge.json:model"
  ],
  "files": {
    "docs/PREREGISTRATION.md": "7ed1efef843e43e7738835af774295b97ed9dbda630ed57e884463f9505e3fde",
    "docs/protocol.md": "f5ccecddc2f1e2565c1b77386d42c60697cc6dc682b20739294dcd49c3f89990",
    "experiments/configs/default.yaml": "fd9954ee9654d660bd7a7a32791f3c392162e8fdb1b987fe1545bb9f01c26cf3",
    "experiments/configs/judge.json": "f101a41dac68060636ab01ed292f28a548762756b7de654106911b5aad9c40d7",
    "experiments/configs/judge_gold.json": "16786a937660dd6935c6bdd7caa0d75b47c931c8df106cd169cedfce89a67b79",
    "experiments/configs/prereg.json": "a5a7f87787c2eb554b68c2f210abe403f60bb7d7c6648ed07edee3f4fce1866e",
    "src/seatkit/__init__.py": "e20b3d9ea9d34d2844c8479c7845658533ee6518764a16d795a5a30873db19b5",
    "src/seatkit/_seeding.py": "b6b0e541fdc7dfcfda6aca76ce43e9a86d6bf6428c53a7251f18903c6b7494ac",
    "src/seatkit/artifacts.py": "c8e0ae8ea45a91ca7266cdd8d6c3f0f83454c0c087e09667775ecc89d88928b8",
    "src/seatkit/backends.py": "cf09110c7ae392a53a847123db097c67eb0fe4dd4a74bdb0760c2e9c49cd8f88",
    "src/seatkit/bench.py": "9086a30c05b56e08dfffb639f153dce12926f6d3db1dc9adcbfe6fca5c42b1a9",
    "src/seatkit/ceiling.py": "bd090945adc82a69686d8ee2c96f84f84390a44ebf3aa3b08e9d7c01aacc2077",
    "src/seatkit/contracts.py": "77a8570046d5843c1b13f3882c8309c212ffb517740587d6bc4aa6e3e07abaaa",
    "src/seatkit/instruments.py": "7d1135bd1e9dca9589783abcb309d0667a9c5bec1ed30951681c32cad8f330ae",
    "src/seatkit/judges.py": "ab609eb406f1ad88bf3606feba00afce90fdaac0843be88cb73fb31324434c22",
    "src/seatkit/ladder.py": "21cb707c90ba7df0c10083b37b09f3e6bbb25c56af91b9f3575d65c2d3ebb139",
    "src/seatkit/metrics.py": "0503395a1e366f9e5c3ceca9cbc5dadda2c1f7fa54c16014fdf5db55a285d8b2",
    "src/seatkit/probes.py": "9b5301e17f976a20eea77c8ae124de77e4a1736e80a3c468a38429d7d0924246",
    "src/seatkit/transcript.py": "8a9b3ed3bef15346bebfdbddc9530318952f83845fa8d497be06ad4058be6cf4",
    "experiments/_common.py": "ceac6b8d33cf424b197e70039e6528aacb80da7eff67fb10ffb18947f483154a",
    "experiments/compare_families.py": "3f86669dc19bee6cc48ea009d5225f1257e70aff2df6992d0c880419b5f39113",
    "experiments/e1_leak_probe.py": "59c6d9f6134f1d33db1b15296f7922126aad9bbe1f852f650ac3db63e75f2ed4",
    "experiments/e2_attribution.py": "a20e1cc541265eaa34f8a7e3c7a65ab94f54b21c559857e79dc65be3eff2413c",
    "experiments/e3_instrument_symmetry.py": "4ff7197ed1f3d5dd7835d392d31c5c9bd3591d2ee81aff5d2756a691f96c9b7b",
    "experiments/e4_externalization.py": "e5e1f776d161c482e1f5f7010f4cf00525ac7d66360dc9b98579a8fa9d287caf",
    "experiments/freeze_prereg.py": "cccbefd1b37e62066bfc9c0627ed53f63797db2783171ca378e3b69b300a0681",
    "experiments/grader_agreement.py": "998227748d394957dba45b7fde97e60fcf0a12a65cdaf267bdab494e080bd4a4",
    "experiments/judge_check.py": "63d4c6195aeaa856dc3a45db17907ab4848c94933468d24f2f5ff69680df6384",
    "experiments/preflight.py": "bdd47c610fee05d38cb1897a55e884a4ef050ed68ac34e76788458ad88d674e6",
    "experiments/run_all.sh": "6a6bf4970fc33fa930158e7565fd68d7fda5e9d3fb25bd4b184b743492357084",
    "experiments/run_cross_family.sh": "7e6857126bad5800962a114219ee9ae4e2e83b6f67180d71e52b14b93637dd85"
  },
  "note": "Self-attested. Deposit `digest` with a third party for an independent timestamp."
}